{
  "name": "cofre",
  "lockfileVersion": 3,
  "requires": true,
  "packages": {
    "": {
      "dependencies": {
        "tooltipster": "^4.2.8"
      }
    },
    "node_modules/jquery": {
      "version": "3.6.4",
      "resolved": "https://registry.npmjs.org/jquery/-/jquery-3.6.4.tgz",
      "integrity": "sha512-v28EW9DWDFpzcD9O5iyJXg3R3+q+mET5JhnjJzQUZMHOv67bpSIHq81GEYpPNZHG+XXHsfSme3nxp/hndKEcsQ==",
      "peer": true
    },
    "node_modules/tooltipster": {
      "version": "4.2.8",
      "resolved": "https://registry.npmjs.org/tooltipster/-/tooltipster-4.2.8.tgz",
      "integrity": "sha512-Znmbt5UMzaiFCRlVaRtfRZYQqxrmNlj1+3xX/aT0OiA3xkQZhXYGbLJmZPigx0YiReYZpO7Lm2XKbUxXsiU/pg==",
      "peerDependencies": {
        "jquery": ">=1.11.0"
      }
    }
  }
}
